
Microsoft Visual Studio Solution File, Format Version 12.00
# Visual Studio Version 17
VisualStudioVersion = 17.4.33205.214
MinimumVisualStudioVersion = 10.0.40219.1
Project("{FAE04EC0-301F-11D3-BF4B-00C04F79EFBC}") = "Softtek.ControlVentas.WebApi", "Softtek.ControlVentas.WebApi\Softtek.ControlVentas.WebApi.csproj", "{F2EF3D0D-A1F5-441F-9B6A-16291D78843C}"
EndProject
Project("{FAE04EC0-301F-11D3-BF4B-00C04F79EFBC}") = "Softtek.ControlVentas.Abstraction", "Softtek.ControlVentas.Abstraction\Softtek.ControlVentas.Abstraction.csproj", "{E73E4F00-B5F8-410B-A7E1-18B96B70F7DE}"
EndProject
Project("{FAE04EC0-301F-11D3-BF4B-00C04F79EFBC}") = "Softtek.ControlVentas.Application", "Softtek.ControlVentas.Application\Softtek.ControlVentas.Application.csproj", "{F246BB57-D5A4-4E52-B7D0-020173C35B69}"
EndProject
Project("{FAE04EC0-301F-11D3-BF4B-00C04F79EFBC}") = "Softtek.ControlVentas.Repository", "Softtek.ControlVentas.Repository\Softtek.ControlVentas.Repository.csproj", "{08456648-B2F9-497A-A42F-897DC9470DF7}"
EndProject
Project("{FAE04EC0-301F-11D3-BF4B-00C04F79EFBC}") = "Softtek.ControlVentas.DataAccess", "Softtek.ControlVentas.DataAccess\Softtek.ControlVentas.DataAccess.csproj", "{A5D4695D-1A15-4439-B2EB-E77F5C29DAE2}"
EndProject
Project("{FAE04EC0-301F-11D3-BF4B-00C04F79EFBC}") = "Softtek.ControlVentas.Entity", "Softtek.ControlVentas.Entity\Softtek.ControlVentas.Entity.csproj", "{015A6B18-0AD0-4547-B341-6C412D86E3A6}"
EndProject
Project("{FAE04EC0-301F-11D3-BF4B-00C04F79EFBC}") = "Softtek.ControlVentas.Service", "Softtek.ControlVentas.Service\Softtek.ControlVentas.Service.csproj", "{0B245A70-3B5F-4992-B967-53D6A759B9BE}"
EndProject
Global
	GlobalSection(SolutionConfigurationPlatforms) = preSolution
		Debug|Any CPU = Debug|Any CPU
		Release|Any CPU = Release|Any CPU
	EndGlobalSection
	GlobalSection(ProjectConfigurationPlatforms) = postSolution
		{F2EF3D0D-A1F5-441F-9B6A-16291D78843C}.Debug|Any CPU.ActiveCfg = Debug|Any CPU
		{F2EF3D0D-A1F5-441F-9B6A-16291D78843C}.Debug|Any CPU.Build.0 = Debug|Any CPU
		{F2EF3D0D-A1F5-441F-9B6A-16291D78843C}.Release|Any CPU.ActiveCfg = Release|Any CPU
		{F2EF3D0D-A1F5-441F-9B6A-16291D78843C}.Release|Any CPU.Build.0 = Release|Any CPU
		{E73E4F00-B5F8-410B-A7E1-18B96B70F7DE}.Debug|Any CPU.ActiveCfg = Debug|Any CPU
		{E73E4F00-B5F8-410B-A7E1-18B96B70F7DE}.Debug|Any CPU.Build.0 = Debug|Any CPU
		{E73E4F00-B5F8-410B-A7E1-18B96B70F7DE}.Release|Any CPU.ActiveCfg = Release|Any CPU
		{E73E4F00-B5F8-410B-A7E1-18B96B70F7DE}.Release|Any CPU.Build.0 = Release|Any CPU
		{F246BB57-D5A4-4E52-B7D0-020173C35B69}.Debug|Any CPU.ActiveCfg = Debug|Any CPU
		{F246BB57-D5A4-4E52-B7D0-020173C35B69}.Debug|Any CPU.Build.0 = Debug|Any CPU
		{F246BB57-D5A4-4E52-B7D0-020173C35B69}.Release|Any CPU.ActiveCfg = Release|Any CPU
		{F246BB57-D5A4-4E52-B7D0-020173C35B69}.Release|Any CPU.Build.0 = Release|Any CPU
		{08456648-B2F9-497A-A42F-897DC9470DF7}.Debug|Any CPU.ActiveCfg = Debug|Any CPU
		{08456648-B2F9-497A-A42F-897DC9470DF7}.Debug|Any CPU.Build.0 = Debug|Any CPU
		{08456648-B2F9-497A-A42F-897DC9470DF7}.Release|Any CPU.ActiveCfg = Release|Any CPU
		{08456648-B2F9-497A-A42F-897DC9470DF7}.Release|Any CPU.Build.0 = Release|Any CPU
		{A5D4695D-1A15-4439-B2EB-E77F5C29DAE2}.Debug|Any CPU.ActiveCfg = Debug|Any CPU
		{A5D4695D-1A15-4439-B2EB-E77F5C29DAE2}.Debug|Any CPU.Build.0 = Debug|Any CPU
		{A5D4695D-1A15-4439-B2EB-E77F5C29DAE2}.Release|Any CPU.ActiveCfg = Release|Any CPU
		{A5D4695D-1A15-4439-B2EB-E77F5C29DAE2}.Release|Any CPU.Build.0 = Release|Any CPU
		{015A6B18-0AD0-4547-B341-6C412D86E3A6}.Debug|Any CPU.ActiveCfg = Debug|Any CPU
		{015A6B18-0AD0-4547-B341-6C412D86E3A6}.Debug|Any CPU.Build.0 = Debug|Any CPU
		{015A6B18-0AD0-4547-B341-6C412D86E3A6}.Release|Any CPU.ActiveCfg = Release|Any CPU
		{015A6B18-0AD0-4547-B341-6C412D86E3A6}.Release|Any CPU.Build.0 = Release|Any CPU
		{0B245A70-3B5F-4992-B967-53D6A759B9BE}.Debug|Any CPU.ActiveCfg = Debug|Any CPU
		{0B245A70-3B5F-4992-B967-53D6A759B9BE}.Debug|Any CPU.Build.0 = Debug|Any CPU
		{0B245A70-3B5F-4992-B967-53D6A759B9BE}.Release|Any CPU.ActiveCfg = Release|Any CPU
		{0B245A70-3B5F-4992-B967-53D6A759B9BE}.Release|Any CPU.Build.0 = Release|Any CPU
	EndGlobalSection
	GlobalSection(SolutionProperties) = preSolution
		HideSolutionNode = FALSE
	EndGlobalSection
	GlobalSection(ExtensibilityGlobals) = postSolution
		SolutionGuid = {75A327C9-85E6-4172-B7AF-4CD7F90F6601}
	EndGlobalSection
EndGlobal
